// !$*UTF8*$!
{
	archiveVersion = 1;
	classes = {
	};
	objectVersion = 46;
	objects = {

/* Begin PBXBuildFile section */
		4F0A8BC9195AE58400D59268 /* UIView+Origami.m in Sources */ = {isa = PBXBuildFile; fileRef = 4F0A8BC8195AE58400D59268 /* UIView+Origami.m */; };
		4F0A8BCE195AFEAA00D59268 /* NLSplashViewController.m in Sources */ = {isa = PBXBuildFile; fileRef = 4F0A8BCC195AFEAA00D59268 /* NLSplashViewController.m */; };
		4F0A8BCF195AFEAA00D59268 /* NLSplashViewController.xib in Resources */ = {isa = PBXBuildFile; fileRef = 4F0A8BCD195AFEAA00D59268 /* NLSplashViewController.xib */; };
		4F0A8BD1195B032800D59268 /* compass@2x.png in Resources */ = {isa = PBXBuildFile; fileRef = 4F0A8BD0195B032800D59268 /* compass@2x.png */; };
		4F0A8BD3195B04AD00D59268 /* compass_black@2x.png in Resources */ = {isa = PBXBuildFile; fileRef = 4F0A8BD2195B04AD00D59268 /* compass_black@2x.png */; };
		4F0D759E193D9C6400E78AA5 /* white_menu@2x.png in Resources */ = {isa = PBXBuildFile; fileRef = 4F0D759D193D9C6400E78AA5 /* white_menu@2x.png */; };
		4F0D75A2193DB86500E78AA5 /* search_bg@2x.png in Resources */ = {isa = PBXBuildFile; fileRef = 4F0D75A0193DB86500E78AA5 /* search_bg@2x.png */; };
		4F0D75A3193DB86500E78AA5 /* search@2x.png in Resources */ = {isa = PBXBuildFile; fileRef = 4F0D75A1193DB86500E78AA5 /* search@2x.png */; };
		4F0D75A6193DBD0200E78AA5 /* left_shadow@2x.png in Resources */ = {isa = PBXBuildFile; fileRef = 4F0D75A4193DBD0200E78AA5 /* left_shadow@2x.png */; };
		4F0D75A7193DBD0200E78AA5 /* right_shadow@2x.png in Resources */ = {isa = PBXBuildFile; fileRef = 4F0D75A5193DBD0200E78AA5 /* right_shadow@2x.png */; };
		4F0D75AB193DD05D00E78AA5 /* back@2x.png in Resources */ = {isa = PBXBuildFile; fileRef = 4F0D75AA193DD05D00E78AA5 /* back@2x.png */; };
		4F0D75AD193DE20400E78AA5 /* back_white@2x.png in Resources */ = {isa = PBXBuildFile; fileRef = 4F0D75AC193DE20400E78AA5 /* back_white@2x.png */; };
		4F0D75AF193DEA1900E78AA5 /* forward@2x.png in Resources */ = {isa = PBXBuildFile; fileRef = 4F0D75AE193DEA1900E78AA5 /* forward@2x.png */; };
		4F0D75B1193DEADF00E78AA5 /* circle@2x.png in Resources */ = {isa = PBXBuildFile; fileRef = 4F0D75B0193DEADF00E78AA5 /* circle@2x.png */; };
		4F10D2AF19374ABB00F6658D /* NLStaticScreenViewController.m in Sources */ = {isa = PBXBuildFile; fileRef = 4F10D2AD19374ABB00F6658D /* NLStaticScreenViewController.m */; };
		4F10D2B019374ABB00F6658D /* NLStaticScreenViewController.xib in Resources */ = {isa = PBXBuildFile; fileRef = 4F10D2AE19374ABB00F6658D /* NLStaticScreenViewController.xib */; };
		4F174E321966A50300F7F8A2 /* Track on 2014-06-23 at 17-53 GMT+4.gpx in Resources */ = {isa = PBXBuildFile; fileRef = 4F174E2D1966A50300F7F8A2 /* Track on 2014-06-23 at 17-53 GMT+4.gpx */; };
		4F174E331966A50300F7F8A2 /* Track on 2014-06-23 at 18-00 GMT+4.gpx in Resources */ = {isa = PBXBuildFile; fileRef = 4F174E2E1966A50300F7F8A2 /* Track on 2014-06-23 at 18-00 GMT+4.gpx */; };
		4F174E341966A50300F7F8A2 /* Track on 2014-06-23 at 18-06 GMT+4.gpx in Resources */ = {isa = PBXBuildFile; fileRef = 4F174E2F1966A50300F7F8A2 /* Track on 2014-06-23 at 18-06 GMT+4.gpx */; };
		4F174E351966A50300F7F8A2 /* Track on 2014-06-23 at 18-29 GMT+4.gpx in Resources */ = {isa = PBXBuildFile; fileRef = 4F174E301966A50300F7F8A2 /* Track on 2014-06-23 at 18-29 GMT+4.gpx */; };
		4F174E361966A50300F7F8A2 /* Track on 2014-06-23 at 18-34 GMT+4.gpx in Resources */ = {isa = PBXBuildFile; fileRef = 4F174E311966A50300F7F8A2 /* Track on 2014-06-23 at 18-34 GMT+4.gpx */; };
		4F18FD3A192212F900032A34 /* NLDetailsViewController.m in Sources */ = {isa = PBXBuildFile; fileRef = 4F18FD38192212F900032A34 /* NLDetailsViewController.m */; };
		4F18FD3B192212F900032A34 /* NLDetailsViewController.xib in Resources */ = {isa = PBXBuildFile; fileRef = 4F18FD39192212F900032A34 /* NLDetailsViewController.xib */; };
		4F22FD781936E8B30075C1A0 /* NLGalleryViewController.m in Sources */ = {isa = PBXBuildFile; fileRef = 4F22FD761936E8B30075C1A0 /* NLGalleryViewController.m */; };
		4F22FD791936E8B30075C1A0 /* NLGalleryViewController.xib in Resources */ = {isa = PBXBuildFile; fileRef = 4F22FD771936E8B30075C1A0 /* NLGalleryViewController.xib */; };
		4F22FD7C1936ED3E0075C1A0 /* NLGallery.m in Sources */ = {isa = PBXBuildFile; fileRef = 4F22FD7B1936ED3E0075C1A0 /* NLGallery.m */; };
		4F22FD801936F4360075C1A0 /* NLEventsListControllerViewController.m in Sources */ = {isa = PBXBuildFile; fileRef = 4F22FD7E1936F4360075C1A0 /* NLEventsListControllerViewController.m */; };
		4F22FD861937288B0075C1A0 /* NLPlacesViewController.m in Sources */ = {isa = PBXBuildFile; fileRef = 4F22FD841937288B0075C1A0 /* NLPlacesViewController.m */; };
		4F22FD871937288B0075C1A0 /* NLPlacesViewController.xib in Resources */ = {isa = PBXBuildFile; fileRef = 4F22FD851937288B0075C1A0 /* NLPlacesViewController.xib */; };
		4F22FD8919372F260075C1A0 /* NLPlaceCell.xib in Resources */ = {isa = PBXBuildFile; fileRef = 4F22FD8819372F260075C1A0 /* NLPlaceCell.xib */; };
		4F22FD8C19372F530075C1A0 /* NLPlaceCell.m in Sources */ = {isa = PBXBuildFile; fileRef = 4F22FD8B19372F530075C1A0 /* NLPlaceCell.m */; };
		4F390E7518ED589200131934 /* NLStorage.m in Sources */ = {isa = PBXBuildFile; fileRef = 4F390E7418ED589200131934 /* NLStorage.m */; };
		4F390E7818ED684200131934 /* NLDiffIndex.m in Sources */ = {isa = PBXBuildFile; fileRef = 4F390E7718ED684200131934 /* NLDiffIndex.m */; };
		4F390E7D18ED731E00131934 /* NLNewsEntry.m in Sources */ = {isa = PBXBuildFile; fileRef = 4F390E7C18ED731E00131934 /* NLNewsEntry.m */; };
		4F390E8018ED732D00131934 /* NLModel.m in Sources */ = {isa = PBXBuildFile; fileRef = 4F390E7F18ED732D00131934 /* NLModel.m */; };
		4F390E8318ED752700131934 /* NLTeaser.m in Sources */ = {isa = PBXBuildFile; fileRef = 4F390E8218ED752700131934 /* NLTeaser.m */; };
		4F390E8618ED753700131934 /* NLPlace.m in Sources */ = {isa = PBXBuildFile; fileRef = 4F390E8518ED753700131934 /* NLPlace.m */; };
		4F390E8918ED754700131934 /* NLScreen.m in Sources */ = {isa = PBXBuildFile; fileRef = 4F390E8818ED754700131934 /* NLScreen.m */; };
		4F390E8C18ED755300131934 /* NLEvent.m in Sources */ = {isa = PBXBuildFile; fileRef = 4F390E8B18ED755300131934 /* NLEvent.m */; };
		4F411E7E18FFD8AA00758E30 /* NLMainMenuController.m in Sources */ = {isa = PBXBuildFile; fileRef = 4F411E7C18FFD8AA00758E30 /* NLMainMenuController.m */; };
		4F411E7F18FFD8AA00758E30 /* NLMainMenuController.xib in Resources */ = {isa = PBXBuildFile; fileRef = 4F411E7D18FFD8AA00758E30 /* NLMainMenuController.xib */; };
		4F454360192DE4D20043C3F4 /* Default-568h@2x.png in Resources */ = {isa = PBXBuildFile; fileRef = 4F45435E192DE4D20043C3F4 /* Default-568h@2x.png */; };
		4F454363192E0F810043C3F4 /* Default@2x.png in Resources */ = {isa = PBXBuildFile; fileRef = 4F454362192E0F810043C3F4 /* Default@2x.png */; };
		4F6137491927313700BFDD1C /* NLEventGroupsViewController.m in Sources */ = {isa = PBXBuildFile; fileRef = 4F6137471927313700BFDD1C /* NLEventGroupsViewController.m */; };
		4F61374A1927313700BFDD1C /* NLEventGroupsViewController.xib in Resources */ = {isa = PBXBuildFile; fileRef = 4F6137481927313700BFDD1C /* NLEventGroupsViewController.xib */; };
		4F61374D19273D7700BFDD1C /* NLEventGroup.m in Sources */ = {isa = PBXBuildFile; fileRef = 4F61374C19273D7700BFDD1C /* NLEventGroup.m */; };
		4F7EC305190933B9002C0ECD /* NLItemsListController.m in Sources */ = {isa = PBXBuildFile; fileRef = 4F7EC303190933B9002C0ECD /* NLItemsListController.m */; };
		4F7EC306190933B9002C0ECD /* NLItemsListController.xib in Resources */ = {isa = PBXBuildFile; fileRef = 4F7EC304190933B9002C0ECD /* NLItemsListController.xib */; };
		4F89A42B1957CFF60045D1A3 /* NLMapViewController.m in Sources */ = {isa = PBXBuildFile; fileRef = 4F89A4291957CFF60045D1A3 /* NLMapViewController.m */; };
		4F89A42C1957CFF60045D1A3 /* NLMapViewController.xib in Resources */ = {isa = PBXBuildFile; fileRef = 4F89A42A1957CFF60045D1A3 /* NLMapViewController.xib */; };
		4F89A42E1957D8260045D1A3 /* map.png in Resources */ = {isa = PBXBuildFile; fileRef = 4F89A42D1957D8260045D1A3 /* map.png */; };
		4F89A4331957DCA30045D1A3 /* NLLocationManager.m in Sources */ = {isa = PBXBuildFile; fileRef = 4F89A4321957DCA30045D1A3 /* NLLocationManager.m */; };
		4F8A13081921D6CE00F3DA96 /* NLCollectionCell.m in Sources */ = {isa = PBXBuildFile; fileRef = 4F8A13071921D6CE00F3DA96 /* NLCollectionCell.m */; };
		4F9C413818EA84640038090E /* Foundation.framework in Frameworks */ = {isa = PBXBuildFile; fileRef = 4F9C413718EA84640038090E /* Foundation.framework */; };
		4F9C413A18EA84640038090E /* CoreGraphics.framework in Frameworks */ = {isa = PBXBuildFile; fileRef = 4F9C413918EA84640038090E /* CoreGraphics.framework */; };
		4F9C413C18EA84640038090E /* UIKit.framework in Frameworks */ = {isa = PBXBuildFile; fileRef = 4F9C413B18EA84640038090E /* UIKit.framework */; };
		4F9C414218EA84640038090E /* InfoPlist.strings in Resources */ = {isa = PBXBuildFile; fileRef = 4F9C414018EA84640038090E /* InfoPlist.strings */; };
		4F9C414418EA84640038090E /* main.m in Sources */ = {isa = PBXBuildFile; fileRef = 4F9C414318EA84640038090E /* main.m */; };
		4F9C414818EA84640038090E /* NLAppDelegate.m in Sources */ = {isa = PBXBuildFile; fileRef = 4F9C414718EA84640038090E /* NLAppDelegate.m */; };
		4F9C414A18EA84640038090E /* Images.xcassets in Resources */ = {isa = PBXBuildFile; fileRef = 4F9C414918EA84640038090E /* Images.xcassets */; };
		4FCBE0081907A054002F37A3 /* BookmanC.otf in Resources */ = {isa = PBXBuildFile; fileRef = 4FCBE0051907A054002F37A3 /* BookmanC.otf */; };
		4FD010F5192CC326002F5836 /* search_icon.png in Resources */ = {isa = PBXBuildFile; fileRef = 4FD010F4192CC326002F5836 /* search_icon.png */; };
		4FD010FA192CC940002F5836 /* Crashlytics.framework in Frameworks */ = {isa = PBXBuildFile; fileRef = 4FD010F9192CC940002F5836 /* Crashlytics.framework */; };
		4FF31086D2714E0584DB4E63 /* libPods.a in Frameworks */ = {isa = PBXBuildFile; fileRef = 213D00ACD702461FA5EF0EB3 /* libPods.a */; };
		D12B05F21979346300AA4CDD /* MapKit.framework in Frameworks */ = {isa = PBXBuildFile; fileRef = D12B05F11979346300AA4CDD /* MapKit.framework */; };
		D12B05F61979A5E700AA4CDD /* tiles in Resources */ = {isa = PBXBuildFile; fileRef = D12B05F51979A5E700AA4CDD /* tiles */; };
		D17177B3196D047200521D72 /* NSAttributedString+Kerning.m in Sources */ = {isa = PBXBuildFile; fileRef = D17177B2196D047200521D72 /* NSAttributedString+Kerning.m */; };
		D1783ED8197C141F00A92AA3 /* NLPlaceAnnotation.m in Sources */ = {isa = PBXBuildFile; fileRef = D1783ED7197C141F00A92AA3 /* NLPlaceAnnotation.m */; };
		D1783EDB197C195100A92AA3 /* object.png in Resources */ = {isa = PBXBuildFile; fileRef = D1783ED9197C195100A92AA3 /* object.png */; };
		D1783EDC197C195100A92AA3 /* object@2x.png in Resources */ = {isa = PBXBuildFile; fileRef = D1783EDA197C195100A92AA3 /* object@2x.png */; };
		D1783EDF197C1A2400A92AA3 /* userlocation.png in Resources */ = {isa = PBXBuildFile; fileRef = D1783EDD197C1A2400A92AA3 /* userlocation.png */; };
		D1783EE0197C1A2400A92AA3 /* userlocation@2x.png in Resources */ = {isa = PBXBuildFile; fileRef = D1783EDE197C1A2400A92AA3 /* userlocation@2x.png */; };
		D1783EE3197C2C5B00A92AA3 /* object-selected.png in Resources */ = {isa = PBXBuildFile; fileRef = D1783EE1197C2C5B00A92AA3 /* object-selected.png */; };
		D1783EE4197C2C5B00A92AA3 /* object-selected@2x.png in Resources */ = {isa = PBXBuildFile; fileRef = D1783EE2197C2C5B00A92AA3 /* object-selected@2x.png */; };
		D19C0425196EF44C006A086B /* map-minus@2x.png in Resources */ = {isa = PBXBuildFile; fileRef = D19C0422196EF44C006A086B /* map-minus@2x.png */; };
		D19C0426196EF44D006A086B /* map-locate@2x.png in Resources */ = {isa = PBXBuildFile; fileRef = D19C0423196EF44C006A086B /* map-locate@2x.png */; };
		D19C0427196EF44D006A086B /* map-plus@2x.png in Resources */ = {isa = PBXBuildFile; fileRef = D19C0424196EF44C006A086B /* map-plus@2x.png */; };
		D19C04331973FF7E006A086B /* NLAttributedLabel.m in Sources */ = {isa = PBXBuildFile; fileRef = D19C04321973FF7E006A086B /* NLAttributedLabel.m */; };
		D19C043719750589006A086B /* NLEventsCollectionViewController.m in Sources */ = {isa = PBXBuildFile; fileRef = D19C043519750589006A086B /* NLEventsCollectionViewController.m */; };
		D19C043C1975253C006A086B /* NLNewsCell.m in Sources */ = {isa = PBXBuildFile; fileRef = D19C043A1975253C006A086B /* NLNewsCell.m */; };
		D19C043D1975253C006A086B /* NLNewsCellView.xib in Resources */ = {isa = PBXBuildFile; fileRef = D19C043B1975253C006A086B /* NLNewsCellView.xib */; };
		D19C04401975319E006A086B /* NLEventsCollectionViewController.xib in Resources */ = {isa = PBXBuildFile; fileRef = D19C043619750589006A086B /* NLEventsCollectionViewController.xib */; };
		D1A3D7B81975415700C53E06 /* NLCollectionCellView.xib in Resources */ = {isa = PBXBuildFile; fileRef = 4F8A13041921D5C700F3DA96 /* NLCollectionCellView.xib */; };
		D1A3D7C01975734000C53E06 /* NLSectionHeader.m in Sources */ = {isa = PBXBuildFile; fileRef = D1A3D7BF1975734000C53E06 /* NLSectionHeader.m */; };
		D1A3D7C319757D5600C53E06 /* NSString+Ordinal.m in Sources */ = {isa = PBXBuildFile; fileRef = D1A3D7C219757D5600C53E06 /* NSString+Ordinal.m */; };
		D1A3D7C619758B4C00C53E06 /* NSDate+CompareDays.m in Sources */ = {isa = PBXBuildFile; fileRef = D1A3D7C519758B4C00C53E06 /* NSDate+CompareDays.m */; };
		D1A3D7C919758CF600C53E06 /* event-alarm.png in Resources */ = {isa = PBXBuildFile; fileRef = D1A3D7C719758CF600C53E06 /* event-alarm.png */; };
		D1A3D7CA19758CF600C53E06 /* event-alarm@2x.png in Resources */ = {isa = PBXBuildFile; fileRef = D1A3D7C819758CF600C53E06 /* event-alarm@2x.png */; };
		D1A3D7CD1975930D00C53E06 /* NLFlowLayout.m in Sources */ = {isa = PBXBuildFile; fileRef = D1A3D7CC1975930D00C53E06 /* NLFlowLayout.m */; };
		D1A3D7CF197634AD00C53E06 /* menu_button@2x.png in Resources */ = {isa = PBXBuildFile; fileRef = D1A3D7CE197634AD00C53E06 /* menu_button@2x.png */; };
		D1A3D7D1197634F700C53E06 /* menu_button.png in Resources */ = {isa = PBXBuildFile; fileRef = D1A3D7D0197634F700C53E06 /* menu_button.png */; };
		D1A3D7D7197641D900C53E06 /* NSString+Distance.m in Sources */ = {isa = PBXBuildFile; fileRef = D1A3D7D6197641D900C53E06 /* NSString+Distance.m */; };
		D1B7ADD0196BCBCE0057C1E2 /* MonoCondensedC.otf in Resources */ = {isa = PBXBuildFile; fileRef = D1B7ADCF196BCBCE0057C1E2 /* MonoCondensedC.otf */; };
		D1B7ADD5196BCF9A0057C1E2 /* MonoCondensedCBold.otf in Resources */ = {isa = PBXBuildFile; fileRef = D1B7ADD4196BCF9A0057C1E2 /* MonoCondensedCBold.otf */; };
/* End PBXBuildFile section */

/* Begin PBXFileReference section */
		213D00ACD702461FA5EF0EB3 /* libPods.a */ = {isa = PBXFileReference; explicitFileType = archive.ar; includeInIndex = 0; path = libPods.a; sourceTree = BUILT_PRODUCTS_DIR; };
		3B21A1ADAF4F4E0BA8ED7C42 /* Pods.xcconfig */ = {isa = PBXFileReference; includeInIndex = 1; lastKnownFileType = text.xcconfig; name = Pods.xcconfig; path = Pods/Pods.xcconfig; sourceTree = "<group>"; };
		4F0A8BC7195AE58400D59268 /* UIView+Origami.h */ = {isa = PBXFileReference; fileEncoding = 4; lastKnownFileType = sourcecode.c.h; path = "UIView+Origami.h"; sourceTree = "<group>"; };
		4F0A8BC8195AE58400D59268 /* UIView+Origami.m */ = {isa = PBXFileReference; fileEncoding = 4; lastKnownFileType = sourcecode.c.objc; path = "UIView+Origami.m"; sourceTree = "<group>"; };
		4F0A8BCB195AFEAA00D59268 /* NLSplashViewController.h */ = {isa = PBXFileReference; fileEncoding = 4; lastKnownFileType = sourcecode.c.h; name = NLSplashViewController.h; path = UI/NLSplashViewController.h; sourceTree = "<group>"; };
		4F0A8BCC195AFEAA00D59268 /* NLSplashViewController.m */ = {isa = PBXFileReference; fileEncoding = 4; lastKnownFileType = sourcecode.c.objc; name = NLSplashViewController.m; path = UI/NLSplashViewController.m; sourceTree = "<group>"; };
		4F0A8BCD195AFEAA00D59268 /* NLSplashViewController.xib */ = {isa = PBXFileReference; fileEncoding = 4; lastKnownFileType = file.xib; name = NLSplashViewController.xib; path = UI/NLSplashViewController.xib; sourceTree = "<group>"; };
		4F0A8BD0195B032800D59268 /* compass@2x.png */ = {isa = PBXFileReference; lastKnownFileType = image.png; path = "compass@2x.png"; sourceTree = "<group>"; };
		4F0A8BD2195B04AD00D59268 /* compass_black@2x.png */ = {isa = PBXFileReference; lastKnownFileType = image.png; path = "compass_black@2x.png"; sourceTree = "<group>"; };
		4F0D759D193D9C6400E78AA5 /* white_menu@2x.png */ = {isa = PBXFileReference; lastKnownFileType = image.png; path = "white_menu@2x.png"; sourceTree = "<group>"; };
		4F0D75A0193DB86500E78AA5 /* search_bg@2x.png */ = {isa = PBXFileReference; lastKnownFileType = image.png; path = "search_bg@2x.png"; sourceTree = "<group>"; };
		4F0D75A1193DB86500E78AA5 /* search@2x.png */ = {isa = PBXFileReference; lastKnownFileType = image.png; path = "search@2x.png"; sourceTree = "<group>"; };
		4F0D75A4193DBD0200E78AA5 /* left_shadow@2x.png */ = {isa = PBXFileReference; lastKnownFileType = image.png; path = "left_shadow@2x.png"; sourceTree = "<group>"; };
		4F0D75A5193DBD0200E78AA5 /* right_shadow@2x.png */ = {isa = PBXFileReference; lastKnownFileType = image.png; path = "right_shadow@2x.png"; sourceTree = "<group>"; };
		4F0D75AA193DD05D00E78AA5 /* back@2x.png */ = {isa = PBXFileReference; lastKnownFileType = image.png; path = "back@2x.png"; sourceTree = "<group>"; };
		4F0D75AC193DE20400E78AA5 /* back_white@2x.png */ = {isa = PBXFileReference; lastKnownFileType = image.png; path = "back_white@2x.png"; sourceTree = "<group>"; };
		4F0D75AE193DEA1900E78AA5 /* forward@2x.png */ = {isa = PBXFileReference; lastKnownFileType = image.png; path = "forward@2x.png"; sourceTree = "<group>"; };
		4F0D75B0193DEADF00E78AA5 /* circle@2x.png */ = {isa = PBXFileReference; lastKnownFileType = image.png; path = "circle@2x.png"; sourceTree = "<group>"; };
		4F10D2AC19374ABB00F6658D /* NLStaticScreenViewController.h */ = {isa = PBXFileReference; fileEncoding = 4; lastKnownFileType = sourcecode.c.h; name = NLStaticScreenViewController.h; path = UI/NLStaticScreenViewController.h; sourceTree = "<group>"; };
		4F10D2AD19374ABB00F6658D /* NLStaticScreenViewController.m */ = {isa = PBXFileReference; fileEncoding = 4; lastKnownFileType = sourcecode.c.objc; name = NLStaticScreenViewController.m; path = UI/NLStaticScreenViewController.m; sourceTree = "<group>"; };
		4F10D2AE19374ABB00F6658D /* NLStaticScreenViewController.xib */ = {isa = PBXFileReference; fileEncoding = 4; lastKnownFileType = file.xib; name = NLStaticScreenViewController.xib; path = UI/NLStaticScreenViewController.xib; sourceTree = "<group>"; };
		4F174E2D1966A50300F7F8A2 /* Track on 2014-06-23 at 17-53 GMT+4.gpx */ = {isa = PBXFileReference; fileEncoding = 4; lastKnownFileType = text.xml; path = "Track on 2014-06-23 at 17-53 GMT+4.gpx"; sourceTree = "<group>"; };
		4F174E2E1966A50300F7F8A2 /* Track on 2014-06-23 at 18-00 GMT+4.gpx */ = {isa = PBXFileReference; fileEncoding = 4; lastKnownFileType = text.xml; path = "Track on 2014-06-23 at 18-00 GMT+4.gpx"; sourceTree = "<group>"; };
		4F174E2F1966A50300F7F8A2 /* Track on 2014-06-23 at 18-06 GMT+4.gpx */ = {isa = PBXFileReference; fileEncoding = 4; lastKnownFileType = text.xml; path = "Track on 2014-06-23 at 18-06 GMT+4.gpx"; sourceTree = "<group>"; };
		4F174E301966A50300F7F8A2 /* Track on 2014-06-23 at 18-29 GMT+4.gpx */ = {isa = PBXFileReference; fileEncoding = 4; lastKnownFileType = text.xml; path = "Track on 2014-06-23 at 18-29 GMT+4.gpx"; sourceTree = "<group>"; };
		4F174E311966A50300F7F8A2 /* Track on 2014-06-23 at 18-34 GMT+4.gpx */ = {isa = PBXFileReference; fileEncoding = 4; lastKnownFileType = text.xml; path = "Track on 2014-06-23 at 18-34 GMT+4.gpx"; sourceTree = "<group>"; };
		4F18FD37192212F900032A34 /* NLDetailsViewController.h */ = {isa = PBXFileReference; fileEncoding = 4; lastKnownFileType = sourcecode.c.h; name = NLDetailsViewController.h; path = UI/NLDetailsViewController.h; sourceTree = "<group>"; };
		4F18FD38192212F900032A34 /* NLDetailsViewController.m */ = {isa = PBXFileReference; fileEncoding = 4; lastKnownFileType = sourcecode.c.objc; name = NLDetailsViewController.m; path = UI/NLDetailsViewController.m; sourceTree = "<group>"; };
		4F18FD39192212F900032A34 /* NLDetailsViewController.xib */ = {isa = PBXFileReference; fileEncoding = 4; lastKnownFileType = file.xib; name = NLDetailsViewController.xib; path = UI/NLDetailsViewController.xib; sourceTree = "<group>"; };
		4F22FD751936E8B30075C1A0 /* NLGalleryViewController.h */ = {isa = PBXFileReference; fileEncoding = 4; lastKnownFileType = sourcecode.c.h; name = NLGalleryViewController.h; path = UI/NLGalleryViewController.h; sourceTree = "<group>"; };
		4F22FD761936E8B30075C1A0 /* NLGalleryViewController.m */ = {isa = PBXFileReference; fileEncoding = 4; lastKnownFileType = sourcecode.c.objc; name = NLGalleryViewController.m; path = UI/NLGalleryViewController.m; sourceTree = "<group>"; };
		4F22FD771936E8B30075C1A0 /* NLGalleryViewController.xib */ = {isa = PBXFileReference; fileEncoding = 4; lastKnownFileType = file.xib; name = NLGalleryViewController.xib; path = UI/NLGalleryViewController.xib; sourceTree = "<group>"; };
		4F22FD7A1936ED3E0075C1A0 /* NLGallery.h */ = {isa = PBXFileReference; fileEncoding = 4; lastKnownFileType = sourcecode.c.h; name = NLGallery.h; path = Models/NLGallery.h; sourceTree = "<group>"; };
		4F22FD7B1936ED3E0075C1A0 /* NLGallery.m */ = {isa = PBXFileReference; fileEncoding = 4; lastKnownFileType = sourcecode.c.objc; name = NLGallery.m; path = Models/NLGallery.m; sourceTree = "<group>"; };
		4F22FD7D1936F4360075C1A0 /* NLEventsListControllerViewController.h */ = {isa = PBXFileReference; fileEncoding = 4; lastKnownFileType = sourcecode.c.h; name = NLEventsListControllerViewController.h; path = UI/NLEventsListControllerViewController.h; sourceTree = "<group>"; };
		4F22FD7E1936F4360075C1A0 /* NLEventsListControllerViewController.m */ = {isa = PBXFileReference; fileEncoding = 4; lastKnownFileType = sourcecode.c.objc; name = NLEventsListControllerViewController.m; path = UI/NLEventsListControllerViewController.m; sourceTree = "<group>"; };
		4F22FD831937288B0075C1A0 /* NLPlacesViewController.h */ = {isa = PBXFileReference; fileEncoding = 4; lastKnownFileType = sourcecode.c.h; name = NLPlacesViewController.h; path = UI/NLPlacesViewController.h; sourceTree = "<group>"; };
		4F22FD841937288B0075C1A0 /* NLPlacesViewController.m */ = {isa = PBXFileReference; fileEncoding = 4; lastKnownFileType = sourcecode.c.objc; name = NLPlacesViewController.m; path = UI/NLPlacesViewController.m; sourceTree = "<group>"; };
		4F22FD851937288B0075C1A0 /* NLPlacesViewController.xib */ = {isa = PBXFileReference; fileEncoding = 4; lastKnownFileType = file.xib; name = NLPlacesViewController.xib; path = UI/NLPlacesViewController.xib; sourceTree = "<group>"; };
		4F22FD8819372F260075C1A0 /* NLPlaceCell.xib */ = {isa = PBXFileReference; fileEncoding = 4; lastKnownFileType = file.xib; name = NLPlaceCell.xib; path = UI/NLPlaceCell.xib; sourceTree = "<group>"; };
		4F22FD8A19372F530075C1A0 /* NLPlaceCell.h */ = {isa = PBXFileReference; fileEncoding = 4; lastKnownFileType = sourcecode.c.h; name = NLPlaceCell.h; path = UI/NLPlaceCell.h; sourceTree = "<group>"; };
		4F22FD8B19372F530075C1A0 /* NLPlaceCell.m */ = {isa = PBXFileReference; fileEncoding = 4; lastKnownFileType = sourcecode.c.objc; name = NLPlaceCell.m; path = UI/NLPlaceCell.m; sourceTree = "<group>"; };
		4F390E7018ED55F800131934 /* NLStorageSpec.m */ = {isa = PBXFileReference; fileEncoding = 4; lastKnownFileType = sourcecode.c.objc; path = NLStorageSpec.m; sourceTree = "<group>"; };
		4F390E7218ED561D00131934 /* NLSpecHelper.h */ = {isa = PBXFileReference; fileEncoding = 4; lastKnownFileType = sourcecode.c.h; path = NLSpecHelper.h; sourceTree = "<group>"; };
		4F390E7318ED589200131934 /* NLStorage.h */ = {isa = PBXFileReference; fileEncoding = 4; lastKnownFileType = sourcecode.c.h; name = NLStorage.h; path = Models/NLStorage.h; sourceTree = "<group>"; };
		4F390E7418ED589200131934 /* NLStorage.m */ = {isa = PBXFileReference; fileEncoding = 4; lastKnownFileType = sourcecode.c.objc; name = NLStorage.m; path = Models/NLStorage.m; sourceTree = "<group>"; };
		4F390E7618ED684200131934 /* NLDiffIndex.h */ = {isa = PBXFileReference; fileEncoding = 4; lastKnownFileType = sourcecode.c.h; name = NLDiffIndex.h; path = Models/NLDiffIndex.h; sourceTree = "<group>"; };
		4F390E7718ED684200131934 /* NLDiffIndex.m */ = {isa = PBXFileReference; fileEncoding = 4; lastKnownFileType = sourcecode.c.objc; name = NLDiffIndex.m; path = Models/NLDiffIndex.m; sourceTree = "<group>"; };
		4F390E7918ED69C500131934 /* test-data.json */ = {isa = PBXFileReference; fileEncoding = 4; lastKnownFileType = text.json; path = "test-data.json"; sourceTree = "<group>"; };
		4F390E7B18ED731E00131934 /* NLNewsEntry.h */ = {isa = PBXFileReference; fileEncoding = 4; lastKnownFileType = sourcecode.c.h; name = NLNewsEntry.h; path = Models/NLNewsEntry.h; sourceTree = "<group>"; };
		4F390E7C18ED731E00131934 /* NLNewsEntry.m */ = {isa = PBXFileReference; fileEncoding = 4; lastKnownFileType = sourcecode.c.objc; name = NLNewsEntry.m; path = Models/NLNewsEntry.m; sourceTree = "<group>"; };
		4F390E7E18ED732D00131934 /* NLModel.h */ = {isa = PBXFileReference; fileEncoding = 4; lastKnownFileType = sourcecode.c.h; name = NLModel.h; path = Models/NLModel.h; sourceTree = "<group>"; };
		4F390E7F18ED732D00131934 /* NLModel.m */ = {isa = PBXFileReference; fileEncoding = 4; lastKnownFileType = sourcecode.c.objc; name = NLModel.m; path = Models/NLModel.m; sourceTree = "<group>"; };
		4F390E8118ED752700131934 /* NLTeaser.h */ = {isa = PBXFileReference; fileEncoding = 4; lastKnownFileType = sourcecode.c.h; name = NLTeaser.h; path = Models/NLTeaser.h; sourceTree = "<group>"; };
		4F390E8218ED752700131934 /* NLTeaser.m */ = {isa = PBXFileReference; fileEncoding = 4; lastKnownFileType = sourcecode.c.objc; name = NLTeaser.m; path = Models/NLTeaser.m; sourceTree = "<group>"; };
		4F390E8418ED753700131934 /* NLPlace.h */ = {isa = PBXFileReference; fileEncoding = 4; lastKnownFileType = sourcecode.c.h; name = NLPlace.h; path = Models/NLPlace.h; sourceTree = "<group>"; };
		4F390E8518ED753700131934 /* NLPlace.m */ = {isa = PBXFileReference; fileEncoding = 4; lastKnownFileType = sourcecode.c.objc; name = NLPlace.m; path = Models/NLPlace.m; sourceTree = "<group>"; };
		4F390E8718ED754700131934 /* NLScreen.h */ = {isa = PBXFileReference; fileEncoding = 4; lastKnownFileType = sourcecode.c.h; name = NLScreen.h; path = Models/NLScreen.h; sourceTree = "<group>"; };
		4F390E8818ED754700131934 /* NLScreen.m */ = {isa = PBXFileReference; fileEncoding = 4; lastKnownFileType = sourcecode.c.objc; name = NLScreen.m; path = Models/NLScreen.m; sourceTree = "<group>"; };
		4F390E8A18ED755300131934 /* NLEvent.h */ = {isa = PBXFileReference; fileEncoding = 4; lastKnownFileType = sourcecode.c.h; name = NLEvent.h; path = Models/NLEvent.h; sourceTree = "<group>"; };
		4F390E8B18ED755300131934 /* NLEvent.m */ = {isa = PBXFileReference; fileEncoding = 4; lastKnownFileType = sourcecode.c.objc; name = NLEvent.m; path = Models/NLEvent.m; sourceTree = "<group>"; };
		4F390E8E18ED8FAF00131934 /* NLModelsSpecs.m */ = {isa = PBXFileReference; fileEncoding = 4; lastKnownFileType = sourcecode.c.objc; path = NLModelsSpecs.m; sourceTree = "<group>"; };
		4F411E7B18FFD8AA00758E30 /* NLMainMenuController.h */ = {isa = PBXFileReference; fileEncoding = 4; lastKnownFileType = sourcecode.c.h; name = NLMainMenuController.h; path = UI/NLMainMenuController.h; sourceTree = "<group>"; };
		4F411E7C18FFD8AA00758E30 /* NLMainMenuController.m */ = {isa = PBXFileReference; fileEncoding = 4; lastKnownFileType = sourcecode.c.objc; name = NLMainMenuController.m; path = UI/NLMainMenuController.m; sourceTree = "<group>"; };
		4F411E7D18FFD8AA00758E30 /* NLMainMenuController.xib */ = {isa = PBXFileReference; fileEncoding = 4; lastKnownFileType = file.xib; name = NLMainMenuController.xib; path = UI/NLMainMenuController.xib; sourceTree = "<group>"; };
		4F45435E192DE4D20043C3F4 /* Default-568h@2x.png */ = {isa = PBXFileReference; lastKnownFileType = image.png; path = "Default-568h@2x.png"; sourceTree = "<group>"; };
		4F454362192E0F810043C3F4 /* Default@2x.png */ = {isa = PBXFileReference; lastKnownFileType = image.png; path = "Default@2x.png"; sourceTree = "<group>"; };
		4F6137461927313700BFDD1C /* NLEventGroupsViewController.h */ = {isa = PBXFileReference; fileEncoding = 4; lastKnownFileType = sourcecode.c.h; name = NLEventGroupsViewController.h; path = UI/NLEventGroupsViewController.h; sourceTree = "<group>"; };
		4F6137471927313700BFDD1C /* NLEventGroupsViewController.m */ = {isa = PBXFileReference; fileEncoding = 4; lastKnownFileType = sourcecode.c.objc; name = NLEventGroupsViewController.m; path = UI/NLEventGroupsViewController.m; sourceTree = "<group>"; };
		4F6137481927313700BFDD1C /* NLEventGroupsViewController.xib */ = {isa = PBXFileReference; fileEncoding = 4; lastKnownFileType = file.xib; name = NLEventGroupsViewController.xib; path = UI/NLEventGroupsViewController.xib; sourceTree = "<group>"; };
		4F61374B19273D7700BFDD1C /* NLEventGroup.h */ = {isa = PBXFileReference; fileEncoding = 4; lastKnownFileType = sourcecode.c.h; name = NLEventGroup.h; path = Models/NLEventGroup.h; sourceTree = "<group>"; };
		4F61374C19273D7700BFDD1C /* NLEventGroup.m */ = {isa = PBXFileReference; fileEncoding = 4; lastKnownFileType = sourcecode.c.objc; name = NLEventGroup.m; path = Models/NLEventGroup.m; sourceTree = "<group>"; };
		4F7A321618EA8BC200C75EE5 /* NLBackendSpec.m */ = {isa = PBXFileReference; fileEncoding = 4; lastKnownFileType = sourcecode.c.objc; path = NLBackendSpec.m; sourceTree = "<group>"; };
		4F7EC302190933B9002C0ECD /* NLItemsListController.h */ = {isa = PBXFileReference; fileEncoding = 4; lastKnownFileType = sourcecode.c.h; name = NLItemsListController.h; path = UI/NLItemsListController.h; sourceTree = "<group>"; };
		4F7EC303190933B9002C0ECD /* NLItemsListController.m */ = {isa = PBXFileReference; fileEncoding = 4; lastKnownFileType = sourcecode.c.objc; name = NLItemsListController.m; path = UI/NLItemsListController.m; sourceTree = "<group>"; };
		4F7EC304190933B9002C0ECD /* NLItemsListController.xib */ = {isa = PBXFileReference; fileEncoding = 4; lastKnownFileType = file.xib; name = NLItemsListController.xib; path = UI/NLItemsListController.xib; sourceTree = "<group>"; };
		4F89A4281957CFF60045D1A3 /* NLMapViewController.h */ = {isa = PBXFileReference; fileEncoding = 4; lastKnownFileType = sourcecode.c.h; name = NLMapViewController.h; path = UI/NLMapViewController.h; sourceTree = "<group>"; };
		4F89A4291957CFF60045D1A3 /* NLMapViewController.m */ = {isa = PBXFileReference; fileEncoding = 4; lastKnownFileType = sourcecode.c.objc; name = NLMapViewController.m; path = UI/NLMapViewController.m; sourceTree = "<group>"; };
		4F89A42A1957CFF60045D1A3 /* NLMapViewController.xib */ = {isa = PBXFileReference; fileEncoding = 4; lastKnownFileType = file.xib; name = NLMapViewController.xib; path = UI/NLMapViewController.xib; sourceTree = "<group>"; };
		4F89A42D1957D8260045D1A3 /* map.png */ = {isa = PBXFileReference; lastKnownFileType = image.png; path = map.png; sourceTree = "<group>"; };
		4F89A4311957DCA30045D1A3 /* NLLocationManager.h */ = {isa = PBXFileReference; fileEncoding = 4; lastKnownFileType = sourcecode.c.h; name = NLLocationManager.h; path = Models/NLLocationManager.h; sourceTree = "<group>"; };
		4F89A4321957DCA30045D1A3 /* NLLocationManager.m */ = {isa = PBXFileReference; fileEncoding = 4; lastKnownFileType = sourcecode.c.objc; name = NLLocationManager.m; path = Models/NLLocationManager.m; sourceTree = "<group>"; };
		4F8A13041921D5C700F3DA96 /* NLCollectionCellView.xib */ = {isa = PBXFileReference; fileEncoding = 4; lastKnownFileType = file.xib; name = NLCollectionCellView.xib; path = UI/NLCollectionCellView.xib; sourceTree = "<group>"; };
		4F8A13061921D6CE00F3DA96 /* NLCollectionCell.h */ = {isa = PBXFileReference; fileEncoding = 4; lastKnownFileType = sourcecode.c.h; name = NLCollectionCell.h; path = UI/NLCollectionCell.h; sourceTree = "<group>"; };
		4F8A13071921D6CE00F3DA96 /* NLCollectionCell.m */ = {isa = PBXFileReference; fileEncoding = 4; lastKnownFileType = sourcecode.c.objc; name = NLCollectionCell.m; path = UI/NLCollectionCell.m; sourceTree = "<group>"; };
		4F9C413418EA84640038090E /* NikolaLenivets.app */ = {isa = PBXFileReference; explicitFileType = wrapper.application; includeInIndex = 0; path = NikolaLenivets.app; sourceTree = BUILT_PRODUCTS_DIR; };
		4F9C413718EA84640038090E /* Foundation.framework */ = {isa = PBXFileReference; lastKnownFileType = wrapper.framework; name = Foundation.framework; path = System/Library/Frameworks/Foundation.framework; sourceTree = SDKROOT; };
		4F9C413918EA84640038090E /* CoreGraphics.framework */ = {isa = PBXFileReference; lastKnownFileType = wrapper.framework; name = CoreGraphics.framework; path = System/Library/Frameworks/CoreGraphics.framework; sourceTree = SDKROOT; };
		4F9C413B18EA84640038090E /* UIKit.framework */ = {isa = PBXFileReference; lastKnownFileType = wrapper.framework; name = UIKit.framework; path = System/Library/Frameworks/UIKit.framework; sourceTree = SDKROOT; };
		4F9C413F18EA84640038090E /* NikolaLenivets-Info.plist */ = {isa = PBXFileReference; lastKnownFileType = text.plist.xml; path = "NikolaLenivets-Info.plist"; sourceTree = "<group>"; };
		4F9C414118EA84640038090E /* en */ = {isa = PBXFileReference; lastKnownFileType = text.plist.strings; name = en; path = en.lproj/InfoPlist.strings; sourceTree = "<group>"; };
		4F9C414318EA84640038090E /* main.m */ = {isa = PBXFileReference; lastKnownFileType = sourcecode.c.objc; path = main.m; sourceTree = "<group>"; };
		4F9C414518EA84640038090E /* NikolaLenivets-Prefix.pch */ = {isa = PBXFileReference; lastKnownFileType = sourcecode.c.h; path = "NikolaLenivets-Prefix.pch"; sourceTree = "<group>"; };
		4F9C414618EA84640038090E /* NLAppDelegate.h */ = {isa = PBXFileReference; lastKnownFileType = sourcecode.c.h; path = NLAppDelegate.h; sourceTree = "<group>"; };
		4F9C414718EA84640038090E /* NLAppDelegate.m */ = {isa = PBXFileReference; lastKnownFileType = sourcecode.c.objc; path = NLAppDelegate.m; sourceTree = "<group>"; };
		4F9C414918EA84640038090E /* Images.xcassets */ = {isa = PBXFileReference; lastKnownFileType = folder.assetcatalog; path = Images.xcassets; sourceTree = "<group>"; };
		4F9C415018EA84640038090E /* XCTest.framework */ = {isa = PBXFileReference; lastKnownFileType = wrapper.framework; name = XCTest.framework; path = Library/Frameworks/XCTest.framework; sourceTree = DEVELOPER_DIR; };
		4F9C415818EA84640038090E /* NikolaLenivetsTests-Info.plist */ = {isa = PBXFileReference; lastKnownFileType = text.plist.xml; path = "NikolaLenivetsTests-Info.plist"; sourceTree = "<group>"; };
		4F9C415A18EA84640038090E /* en */ = {isa = PBXFileReference; lastKnownFileType = text.plist.strings; name = en; path = en.lproj/InfoPlist.strings; sourceTree = "<group>"; };
		4FCBE0051907A054002F37A3 /* BookmanC.otf */ = {isa = PBXFileReference; lastKnownFileType = file; path = BookmanC.otf; sourceTree = "<group>"; };
		4FD010F4192CC326002F5836 /* search_icon.png */ = {isa = PBXFileReference; lastKnownFileType = image.png; path = search_icon.png; sourceTree = "<group>"; };
		4FD010F9192CC940002F5836 /* Crashlytics.framework */ = {isa = PBXFileReference; lastKnownFileType = wrapper.framework; path = Crashlytics.framework; sourceTree = "<group>"; };
		9F010D930FC743A086F2A9F3 /* libPods-NikolaLenivetsTests.a */ = {isa = PBXFileReference; explicitFileType = archive.ar; includeInIndex = 0; path = "libPods-NikolaLenivetsTests.a"; sourceTree = BUILT_PRODUCTS_DIR; };
		CABA2254233B446F8102E8CC /* Pods-NikolaLenivetsTests.xcconfig */ = {isa = PBXFileReference; includeInIndex = 1; lastKnownFileType = text.xcconfig; name = "Pods-NikolaLenivetsTests.xcconfig"; path = "Pods/Pods-NikolaLenivetsTests.xcconfig"; sourceTree = "<group>"; };
		D12B05F11979346300AA4CDD /* MapKit.framework */ = {isa = PBXFileReference; lastKnownFileType = wrapper.framework; name = MapKit.framework; path = System/Library/Frameworks/MapKit.framework; sourceTree = SDKROOT; };
		D12B05F51979A5E700AA4CDD /* tiles */ = {isa = PBXFileReference; lastKnownFileType = folder; path = tiles; sourceTree = "<group>"; };
		D17177B1196D047200521D72 /* NSAttributedString+Kerning.h */ = {isa = PBXFileReference; fileEncoding = 4; lastKnownFileType = sourcecode.c.h; name = "NSAttributedString+Kerning.h"; path = "UI/NSAttributedString+Kerning.h"; sourceTree = "<group>"; };
		D17177B2196D047200521D72 /* NSAttributedString+Kerning.m */ = {isa = PBXFileReference; fileEncoding = 4; lastKnownFileType = sourcecode.c.objc; name = "NSAttributedString+Kerning.m"; path = "UI/NSAttributedString+Kerning.m"; sourceTree = "<group>"; };
		D1783ED6197C141F00A92AA3 /* NLPlaceAnnotation.h */ = {isa = PBXFileReference; fileEncoding = 4; lastKnownFileType = sourcecode.c.h; name = NLPlaceAnnotation.h; path = UI/NLPlaceAnnotation.h; sourceTree = "<group>"; };
		D1783ED7197C141F00A92AA3 /* NLPlaceAnnotation.m */ = {isa = PBXFileReference; fileEncoding = 4; lastKnownFileType = sourcecode.c.objc; name = NLPlaceAnnotation.m; path = UI/NLPlaceAnnotation.m; sourceTree = "<group>"; };
		D1783ED9197C195100A92AA3 /* object.png */ = {isa = PBXFileReference; lastKnownFileType = image.png; path = object.png; sourceTree = "<group>"; };
		D1783EDA197C195100A92AA3 /* object@2x.png */ = {isa = PBXFileReference; lastKnownFileType = image.png; path = "object@2x.png"; sourceTree = "<group>"; };
		D1783EDD197C1A2400A92AA3 /* userlocation.png */ = {isa = PBXFileReference; lastKnownFileType = image.png; path = userlocation.png; sourceTree = "<group>"; };
		D1783EDE197C1A2400A92AA3 /* userlocation@2x.png */ = {isa = PBXFileReference; lastKnownFileType = image.png; path = "userlocation@2x.png"; sourceTree = "<group>"; };
		D1783EE1197C2C5B00A92AA3 /* object-selected.png */ = {isa = PBXFileReference; lastKnownFileType = image.png; path = "object-selected.png"; sourceTree = "<group>"; };
		D1783EE2197C2C5B00A92AA3 /* object-selected@2x.png */ = {isa = PBXFileReference; lastKnownFileType = image.png; path = "object-selected@2x.png"; sourceTree = "<group>"; };
		D19C0422196EF44C006A086B /* map-minus@2x.png */ = {isa = PBXFileReference; lastKnownFileType = image.png; path = "map-minus@2x.png"; sourceTree = "<group>"; };
		D19C0423196EF44C006A086B /* map-locate@2x.png */ = {isa = PBXFileReference; lastKnownFileType = image.png; path = "map-locate@2x.png"; sourceTree = "<group>"; };
		D19C0424196EF44C006A086B /* map-plus@2x.png */ = {isa = PBXFileReference; lastKnownFileType = image.png; path = "map-plus@2x.png"; sourceTree = "<group>"; };
		D19C04311973FF7E006A086B /* NLAttributedLabel.h */ = {isa = PBXFileReference; fileEncoding = 4; lastKnownFileType = sourcecode.c.h; name = NLAttributedLabel.h; path = UI/NLAttributedLabel.h; sourceTree = "<group>"; };
		D19C04321973FF7E006A086B /* NLAttributedLabel.m */ = {isa = PBXFileReference; fileEncoding = 4; lastKnownFileType = sourcecode.c.objc; name = NLAttributedLabel.m; path = UI/NLAttributedLabel.m; sourceTree = "<group>"; };
		D19C043419750589006A086B /* NLEventsCollectionViewController.h */ = {isa = PBXFileReference; fileEncoding = 4; lastKnownFileType = sourcecode.c.h; name = NLEventsCollectionViewController.h; path = UI/NLEventsCollectionViewController.h; sourceTree = "<group>"; };
		D19C043519750589006A086B /* NLEventsCollectionViewController.m */ = {isa = PBXFileReference; fileEncoding = 4; lastKnownFileType = sourcecode.c.objc; name = NLEventsCollectionViewController.m; path = UI/NLEventsCollectionViewController.m; sourceTree = "<group>"; };
		D19C043619750589006A086B /* NLEventsCollectionViewController.xib */ = {isa = PBXFileReference; fileEncoding = 4; lastKnownFileType = file.xib; name = NLEventsCollectionViewController.xib; path = UI/NLEventsCollectionViewController.xib; sourceTree = "<group>"; };
		D19C04391975253C006A086B /* NLNewsCell.h */ = {isa = PBXFileReference; fileEncoding = 4; lastKnownFileType = sourcecode.c.h; name = NLNewsCell.h; path = UI/NLNewsCell.h; sourceTree = "<group>"; };
		D19C043A1975253C006A086B /* NLNewsCell.m */ = {isa = PBXFileReference; fileEncoding = 4; lastKnownFileType = sourcecode.c.objc; name = NLNewsCell.m; path = UI/NLNewsCell.m; sourceTree = "<group>"; };
		D19C043B1975253C006A086B /* NLNewsCellView.xib */ = {isa = PBXFileReference; fileEncoding = 4; lastKnownFileType = file.xib; name = NLNewsCellView.xib; path = UI/NLNewsCellView.xib; sourceTree = "<group>"; };
		D1A3D7BE1975734000C53E06 /* NLSectionHeader.h */ = {isa = PBXFileReference; fileEncoding = 4; lastKnownFileType = sourcecode.c.h; name = NLSectionHeader.h; path = UI/NLSectionHeader.h; sourceTree = "<group>"; };
		D1A3D7BF1975734000C53E06 /* NLSectionHeader.m */ = {isa = PBXFileReference; fileEncoding = 4; lastKnownFileType = sourcecode.c.objc; name = NLSectionHeader.m; path = UI/NLSectionHeader.m; sourceTree = "<group>"; };
		D1A3D7C119757D5600C53E06 /* NSString+Ordinal.h */ = {isa = PBXFileReference; fileEncoding = 4; lastKnownFileType = sourcecode.c.h; name = "NSString+Ordinal.h"; path = "UI/NSString+Ordinal.h"; sourceTree = "<group>"; };
		D1A3D7C219757D5600C53E06 /* NSString+Ordinal.m */ = {isa = PBXFileReference; fileEncoding = 4; lastKnownFileType = sourcecode.c.objc; name = "NSString+Ordinal.m"; path = "UI/NSString+Ordinal.m"; sourceTree = "<group>"; };
		D1A3D7C419758B4C00C53E06 /* NSDate+CompareDays.h */ = {isa = PBXFileReference; fileEncoding = 4; lastKnownFileType = sourcecode.c.h; name = "NSDate+CompareDays.h"; path = "UI/NSDate+CompareDays.h"; sourceTree = "<group>"; };
		D1A3D7C519758B4C00C53E06 /* NSDate+CompareDays.m */ = {isa = PBXFileReference; fileEncoding = 4; lastKnownFileType = sourcecode.c.objc; name = "NSDate+CompareDays.m"; path = "UI/NSDate+CompareDays.m"; sourceTree = "<group>"; };
		D1A3D7C719758CF600C53E06 /* event-alarm.png */ = {isa = PBXFileReference; lastKnownFileType = image.png; path = "event-alarm.png"; sourceTree = "<group>"; };
		D1A3D7C819758CF600C53E06 /* event-alarm@2x.png */ = {isa = PBXFileReference; lastKnownFileType = image.png; path = "event-alarm@2x.png"; sourceTree = "<group>"; };
		D1A3D7CB1975930D00C53E06 /* NLFlowLayout.h */ = {isa = PBXFileReference; fileEncoding = 4; lastKnownFileType = sourcecode.c.h; name = NLFlowLayout.h; path = UI/NLFlowLayout.h; sourceTree = "<group>"; };
		D1A3D7CC1975930D00C53E06 /* NLFlowLayout.m */ = {isa = PBXFileReference; fileEncoding = 4; lastKnownFileType = sourcecode.c.objc; name = NLFlowLayout.m; path = UI/NLFlowLayout.m; sourceTree = "<group>"; };
		D1A3D7CE197634AD00C53E06 /* menu_button@2x.png */ = {isa = PBXFileReference; lastKnownFileType = image.png; path = "menu_button@2x.png"; sourceTree = "<group>"; };
		D1A3D7D0197634F700C53E06 /* menu_button.png */ = {isa = PBXFileReference; lastKnownFileType = image.png; path = menu_button.png; sourceTree = "<group>"; };
		D1A3D7D5197641D900C53E06 /* NSString+Distance.h */ = {isa = PBXFileReference; fileEncoding = 4; lastKnownFileType = sourcecode.c.h; name = "NSString+Distance.h"; path = "UI/NSString+Distance.h"; sourceTree = "<group>"; };
		D1A3D7D6197641D900C53E06 /* NSString+Distance.m */ = {isa = PBXFileReference; fileEncoding = 4; lastKnownFileType = sourcecode.c.objc; name = "NSString+Distance.m"; path = "UI/NSString+Distance.m"; sourceTree = "<group>"; };
		D1B7ADCF196BCBCE0057C1E2 /* MonoCondensedC.otf */ = {isa = PBXFileReference; lastKnownFileType = file; path = MonoCondensedC.otf; sourceTree = "<group>"; };
		D1B7ADD4196BCF9A0057C1E2 /* MonoCondensedCBold.otf */ = {isa = PBXFileReference; lastKnownFileType = file; path = MonoCondensedCBold.otf; sourceTree = "<group>"; };
/* End PBXFileReference section */

/* Begin PBXFrameworksBuildPhase section */
		4F9C413118EA84640038090E /* Frameworks */ = {
			isa = PBXFrameworksBuildPhase;
			buildActionMask = 2147483647;
			files = (
				D12B05F21979346300AA4CDD /* MapKit.framework in Frameworks */,
				4F9C413A18EA84640038090E /* CoreGraphics.framework in Frameworks */,
				4FD010FA192CC940002F5836 /* Crashlytics.framework in Frameworks */,
				4F9C413C18EA84640038090E /* UIKit.framework in Frameworks */,
				4F9C413818EA84640038090E /* Foundation.framework in Frameworks */,
				4FF31086D2714E0584DB4E63 /* libPods.a in Frameworks */,
			);
			runOnlyForDeploymentPostprocessing = 0;
		};
/* End PBXFrameworksBuildPhase section */

/* Begin PBXGroup section */
		4F0A8BC5195AE57900D59268 /* Libraries */ = {
			isa = PBXGroup;
			children = (
				D17177B1196D047200521D72 /* NSAttributedString+Kerning.h */,
				D17177B2196D047200521D72 /* NSAttributedString+Kerning.m */,
				D1A3D7C119757D5600C53E06 /* NSString+Ordinal.h */,
				D1A3D7C219757D5600C53E06 /* NSString+Ordinal.m */,
				D1A3D7C419758B4C00C53E06 /* NSDate+CompareDays.h */,
				D1A3D7C519758B4C00C53E06 /* NSDate+CompareDays.m */,
				D1A3D7D5197641D900C53E06 /* NSString+Distance.h */,
				D1A3D7D6197641D900C53E06 /* NSString+Distance.m */,
				4F0A8BC6195AE58400D59268 /* XYOrigami */,
			);
			name = Libraries;
			sourceTree = "<group>";
		};
		4F0A8BC6195AE58400D59268 /* XYOrigami */ = {
			isa = PBXGroup;
			children = (
				4F0A8BC7195AE58400D59268 /* UIView+Origami.h */,
				4F0A8BC8195AE58400D59268 /* UIView+Origami.m */,
			);
			path = XYOrigami;
			sourceTree = "<group>";
		};
		4F0A8BCA195AFE9300D59268 /* Splash */ = {
			isa = PBXGroup;
			children = (
				4F0A8BD0195B032800D59268 /* compass@2x.png */,
				4F0A8BCB195AFEAA00D59268 /* NLSplashViewController.h */,
				4F0A8BCC195AFEAA00D59268 /* NLSplashViewController.m */,
				4F0A8BCD195AFEAA00D59268 /* NLSplashViewController.xib */,
			);
			name = Splash;
			sourceTree = "<group>";
		};
		4F0D759F193DB85900E78AA5 /* Menu */ = {
			isa = PBXGroup;
			children = (
				4F0A8BD2195B04AD00D59268 /* compass_black@2x.png */,
				4F0D75A0193DB86500E78AA5 /* search_bg@2x.png */,
				4F0D75A1193DB86500E78AA5 /* search@2x.png */,
				4F411E7B18FFD8AA00758E30 /* NLMainMenuController.h */,
				4F411E7C18FFD8AA00758E30 /* NLMainMenuController.m */,
				4F411E7D18FFD8AA00758E30 /* NLMainMenuController.xib */,
			);
			name = Menu;
			sourceTree = "<group>";
		};
		4F10D2AB19374AA100F6658D /* Static Screens */ = {
			isa = PBXGroup;
			children = (
				4F10D2AC19374ABB00F6658D /* NLStaticScreenViewController.h */,
				4F10D2AD19374ABB00F6658D /* NLStaticScreenViewController.m */,
				4F10D2AE19374ABB00F6658D /* NLStaticScreenViewController.xib */,
			);
			name = "Static Screens";
			sourceTree = "<group>";
		};
		4F18FD36192212DA00032A34 /* Details */ = {
			isa = PBXGroup;
			children = (
				4F0D75AE193DEA1900E78AA5 /* forward@2x.png */,
				4F0D75AA193DD05D00E78AA5 /* back@2x.png */,
				4F18FD37192212F900032A34 /* NLDetailsViewController.h */,
				4F18FD38192212F900032A34 /* NLDetailsViewController.m */,
				4F18FD39192212F900032A34 /* NLDetailsViewController.xib */,
			);
			name = Details;
			sourceTree = "<group>";
		};
		4F22FD741936E7680075C1A0 /* Photo Gallery */ = {
			isa = PBXGroup;
			children = (
				4F0D75AC193DE20400E78AA5 /* back_white@2x.png */,
				4F0D759D193D9C6400E78AA5 /* white_menu@2x.png */,
				4F22FD751936E8B30075C1A0 /* NLGalleryViewController.h */,
				4F22FD761936E8B30075C1A0 /* NLGalleryViewController.m */,
				4F22FD771936E8B30075C1A0 /* NLGalleryViewController.xib */,
			);
			name = "Photo Gallery";
			sourceTree = "<group>";
		};
		4F22FD82193726A00075C1A0 /* Places */ = {
			isa = PBXGroup;
			children = (
				4F22FD831937288B0075C1A0 /* NLPlacesViewController.h */,
				4F22FD841937288B0075C1A0 /* NLPlacesViewController.m */,
				4F22FD851937288B0075C1A0 /* NLPlacesViewController.xib */,
				4F22FD8819372F260075C1A0 /* NLPlaceCell.xib */,
				4F22FD8A19372F530075C1A0 /* NLPlaceCell.h */,
				4F22FD8B19372F530075C1A0 /* NLPlaceCell.m */,
			);
			name = Places;
			sourceTree = "<group>";
		};
		4F390E6D18ED50F100131934 /* Models */ = {
			isa = PBXGroup;
			children = (
				4F390E7318ED589200131934 /* NLStorage.h */,
				4F390E7418ED589200131934 /* NLStorage.m */,
				4F390E7618ED684200131934 /* NLDiffIndex.h */,
				4F390E7718ED684200131934 /* NLDiffIndex.m */,
				4F390E7B18ED731E00131934 /* NLNewsEntry.h */,
				4F390E7C18ED731E00131934 /* NLNewsEntry.m */,
				4F390E7E18ED732D00131934 /* NLModel.h */,
				4F390E7F18ED732D00131934 /* NLModel.m */,
				4F390E8118ED752700131934 /* NLTeaser.h */,
				4F390E8218ED752700131934 /* NLTeaser.m */,
				4F390E8418ED753700131934 /* NLPlace.h */,
				4F390E8518ED753700131934 /* NLPlace.m */,
				4F390E8718ED754700131934 /* NLScreen.h */,
				4F390E8818ED754700131934 /* NLScreen.m */,
				4F390E8A18ED755300131934 /* NLEvent.h */,
				4F390E8B18ED755300131934 /* NLEvent.m */,
				4F61374B19273D7700BFDD1C /* NLEventGroup.h */,
				4F61374C19273D7700BFDD1C /* NLEventGroup.m */,
				4F22FD7A1936ED3E0075C1A0 /* NLGallery.h */,
				4F22FD7B1936ED3E0075C1A0 /* NLGallery.m */,
				4F89A4311957DCA30045D1A3 /* NLLocationManager.h */,
				4F89A4321957DCA30045D1A3 /* NLLocationManager.m */,
			);
			name = Models;
			sourceTree = "<group>";
		};
		4F390E6E18ED510500131934 /* UI */ = {
			isa = PBXGroup;
			children = (
				4F0A8BCA195AFE9300D59268 /* Splash */,
				4F0A8BC5195AE57900D59268 /* Libraries */,
				4F89A4221957CFAA0045D1A3 /* Map */,
				4F0D759F193DB85900E78AA5 /* Menu */,
				4F10D2AB19374AA100F6658D /* Static Screens */,
				4F22FD82193726A00075C1A0 /* Places */,
				4F22FD741936E7680075C1A0 /* Photo Gallery */,
				4FD010F1192CC316002F5836 /* Assets */,
				4F6137451927312300BFDD1C /* Events */,
				4FAA131E190A4E90009A0546 /* News */,
				4FCBE0041907A054002F37A3 /* fonts */,
			);
			name = UI;
			sourceTree = "<group>";
		};
		4F6137451927312300BFDD1C /* Events */ = {
			isa = PBXGroup;
			children = (
				4F8A13031921D57D00F3DA96 /* Cell */,
				4F0D75B0193DEADF00E78AA5 /* circle@2x.png */,
				4F6137461927313700BFDD1C /* NLEventGroupsViewController.h */,
				4F6137471927313700BFDD1C /* NLEventGroupsViewController.m */,
				4F6137481927313700BFDD1C /* NLEventGroupsViewController.xib */,
				4F22FD7D1936F4360075C1A0 /* NLEventsListControllerViewController.h */,
				4F22FD7E1936F4360075C1A0 /* NLEventsListControllerViewController.m */,
				D19C043419750589006A086B /* NLEventsCollectionViewController.h */,
				D19C043519750589006A086B /* NLEventsCollectionViewController.m */,
				D19C043619750589006A086B /* NLEventsCollectionViewController.xib */,
				D1A3D7BE1975734000C53E06 /* NLSectionHeader.h */,
				D1A3D7BF1975734000C53E06 /* NLSectionHeader.m */,
				D1A3D7CB1975930D00C53E06 /* NLFlowLayout.h */,
				D1A3D7CC1975930D00C53E06 /* NLFlowLayout.m */,
			);
			name = Events;
			sourceTree = "<group>";
		};
		4F89A4221957CFAA0045D1A3 /* Map */ = {
			isa = PBXGroup;
			children = (
				D1783ED6197C141F00A92AA3 /* NLPlaceAnnotation.h */,
				D1783ED7197C141F00A92AA3 /* NLPlaceAnnotation.m */,
				D1783ED9197C195100A92AA3 /* object.png */,
				D1783EDA197C195100A92AA3 /* object@2x.png */,
				D1783EE1197C2C5B00A92AA3 /* object-selected.png */,
				D1783EE2197C2C5B00A92AA3 /* object-selected@2x.png */,
				D1783EDD197C1A2400A92AA3 /* userlocation.png */,
				D1783EDE197C1A2400A92AA3 /* userlocation@2x.png */,
				4F89A42D1957D8260045D1A3 /* map.png */,
				D19C0422196EF44C006A086B /* map-minus@2x.png */,
				D19C0423196EF44C006A086B /* map-locate@2x.png */,
				D19C0424196EF44C006A086B /* map-plus@2x.png */,
				4F89A4281957CFF60045D1A3 /* NLMapViewController.h */,
				4F89A4291957CFF60045D1A3 /* NLMapViewController.m */,
				4F89A42A1957CFF60045D1A3 /* NLMapViewController.xib */,
			);
			name = Map;
			sourceTree = "<group>";
		};
		4F8A13031921D57D00F3DA96 /* Cell */ = {
			isa = PBXGroup;
			children = (
				D1A3D7C719758CF600C53E06 /* event-alarm.png */,
				D1A3D7C819758CF600C53E06 /* event-alarm@2x.png */,
				4F8A13041921D5C700F3DA96 /* NLCollectionCellView.xib */,
				D19C04311973FF7E006A086B /* NLAttributedLabel.h */,
				D19C04321973FF7E006A086B /* NLAttributedLabel.m */,
				4F8A13061921D6CE00F3DA96 /* NLCollectionCell.h */,
				4F8A13071921D6CE00F3DA96 /* NLCollectionCell.m */,
			);
			name = Cell;
			sourceTree = "<group>";
		};
		4F9C412B18EA84640038090E = {
			isa = PBXGroup;
			children = (
				4F9C413D18EA84640038090E /* NikolaLenivets */,
				4F9C415618EA84640038090E /* NikolaLenivetsTests */,
				4F9C413618EA84640038090E /* Frameworks */,
				4F9C413518EA84640038090E /* Products */,
				3B21A1ADAF4F4E0BA8ED7C42 /* Pods.xcconfig */,
				CABA2254233B446F8102E8CC /* Pods-NikolaLenivetsTests.xcconfig */,
			);
			sourceTree = "<group>";
		};
		4F9C413518EA84640038090E /* Products */ = {
			isa = PBXGroup;
			children = (
				4F9C413418EA84640038090E /* NikolaLenivets.app */,
			);
			name = Products;
			sourceTree = "<group>";
		};
		4F9C413618EA84640038090E /* Frameworks */ = {
			isa = PBXGroup;
			children = (
				D12B05F11979346300AA4CDD /* MapKit.framework */,
				4FD010F9192CC940002F5836 /* Crashlytics.framework */,
				4F9C413718EA84640038090E /* Foundation.framework */,
				4F9C413918EA84640038090E /* CoreGraphics.framework */,
				4F9C413B18EA84640038090E /* UIKit.framework */,
				4F9C415018EA84640038090E /* XCTest.framework */,
				213D00ACD702461FA5EF0EB3 /* libPods.a */,
				9F010D930FC743A086F2A9F3 /* libPods-NikolaLenivetsTests.a */,
			);
			name = Frameworks;
			sourceTree = "<group>";
		};
		4F9C413D18EA84640038090E /* NikolaLenivets */ = {
			isa = PBXGroup;
			children = (
				4F390E6E18ED510500131934 /* UI */,
				4F390E6D18ED50F100131934 /* Models */,
				4F9C414618EA84640038090E /* NLAppDelegate.h */,
				4F9C414718EA84640038090E /* NLAppDelegate.m */,
				4F9C414918EA84640038090E /* Images.xcassets */,
				4F9C413E18EA84640038090E /* Supporting Files */,
			);
			path = NikolaLenivets;
			sourceTree = "<group>";
		};
		4F9C413E18EA84640038090E /* Supporting Files */ = {
			isa = PBXGroup;
			children = (
				4F9C413F18EA84640038090E /* NikolaLenivets-Info.plist */,
				4F9C414018EA84640038090E /* InfoPlist.strings */,
				4F9C414318EA84640038090E /* main.m */,
				4F9C414518EA84640038090E /* NikolaLenivets-Prefix.pch */,
			);
			name = "Supporting Files";
			sourceTree = "<group>";
		};
		4F9C415618EA84640038090E /* NikolaLenivetsTests */ = {
			isa = PBXGroup;
			children = (
				4F9C415718EA84640038090E /* Supporting Files */,
				4F7A321618EA8BC200C75EE5 /* NLBackendSpec.m */,
				4F390E7018ED55F800131934 /* NLStorageSpec.m */,
				4F390E7218ED561D00131934 /* NLSpecHelper.h */,
				4F390E8E18ED8FAF00131934 /* NLModelsSpecs.m */,
			);
			path = NikolaLenivetsTests;
			sourceTree = "<group>";
		};
		4F9C415718EA84640038090E /* Supporting Files */ = {
			isa = PBXGroup;
			children = (
				4F9C415818EA84640038090E /* NikolaLenivetsTests-Info.plist */,
				4F9C415918EA84640038090E /* InfoPlist.strings */,
				4F390E7918ED69C500131934 /* test-data.json */,
			);
			name = "Supporting Files";
			sourceTree = "<group>";
		};
		4FAA131E190A4E90009A0546 /* News */ = {
			isa = PBXGroup;
			children = (
				4F0D75A4193DBD0200E78AA5 /* left_shadow@2x.png */,
				4F0D75A5193DBD0200E78AA5 /* right_shadow@2x.png */,
				4F18FD36192212DA00032A34 /* Details */,
				4F7EC302190933B9002C0ECD /* NLItemsListController.h */,
				4F7EC303190933B9002C0ECD /* NLItemsListController.m */,
				4F7EC304190933B9002C0ECD /* NLItemsListController.xib */,
				D19C043E19752546006A086B /* Cell */,
			);
			name = News;
			sourceTree = "<group>";
		};
		4FCBE0041907A054002F37A3 /* fonts */ = {
			isa = PBXGroup;
			children = (
				4FCBE0051907A054002F37A3 /* BookmanC.otf */,
				D1B7ADCF196BCBCE0057C1E2 /* MonoCondensedC.otf */,
				D1B7ADD4196BCF9A0057C1E2 /* MonoCondensedCBold.otf */,
			);
			path = fonts;
			sourceTree = "<group>";
		};
		4FD010F1192CC316002F5836 /* Assets */ = {
			isa = PBXGroup;
			children = (
				D12B05F51979A5E700AA4CDD /* tiles */,
				4F174E2D1966A50300F7F8A2 /* Track on 2014-06-23 at 17-53 GMT+4.gpx */,
				4F174E2E1966A50300F7F8A2 /* Track on 2014-06-23 at 18-00 GMT+4.gpx */,
				4F174E2F1966A50300F7F8A2 /* Track on 2014-06-23 at 18-06 GMT+4.gpx */,
				4F174E301966A50300F7F8A2 /* Track on 2014-06-23 at 18-29 GMT+4.gpx */,
				4F174E311966A50300F7F8A2 /* Track on 2014-06-23 at 18-34 GMT+4.gpx */,
				4F454362192E0F810043C3F4 /* Default@2x.png */,
				4F45435E192DE4D20043C3F4 /* Default-568h@2x.png */,
				4FD010F4192CC326002F5836 /* search_icon.png */,
				D1A3D7D0197634F700C53E06 /* menu_button.png */,
				D1A3D7CE197634AD00C53E06 /* menu_button@2x.png */,
			);
			name = Assets;
			sourceTree = "<group>";
		};
		D19C043E19752546006A086B /* Cell */ = {
			isa = PBXGroup;
			children = (
				D19C04391975253C006A086B /* NLNewsCell.h */,
				D19C043A1975253C006A086B /* NLNewsCell.m */,
				D19C043B1975253C006A086B /* NLNewsCellView.xib */,
			);
			name = Cell;
			sourceTree = "<group>";
		};
/* End PBXGroup section */

/* Begin PBXNativeTarget section */
		4F9C413318EA84640038090E /* NikolaLenivets */ = {
			isa = PBXNativeTarget;
			buildConfigurationList = 4F9C416018EA84640038090E /* Build configuration list for PBXNativeTarget "NikolaLenivets" */;
			buildPhases = (
				71C9E1B8363D4E4FA529F140 /* Check Pods Manifest.lock */,
				4F9C413018EA84640038090E /* Sources */,
				4F9C413118EA84640038090E /* Frameworks */,
				4F9C413218EA84640038090E /* Resources */,
				07994F22D96A448191BEA0EC /* Copy Pods Resources */,
				4FD010F8192CC928002F5836 /* ShellScript */,
			);
			buildRules = (
			);
			dependencies = (
			);
			name = NikolaLenivets;
			productName = NikolaLenivets;
			productReference = 4F9C413418EA84640038090E /* NikolaLenivets.app */;
			productType = "com.apple.product-type.application";
		};
/* End PBXNativeTarget section */

/* Begin PBXProject section */
		4F9C412C18EA84640038090E /* Project object */ = {
			isa = PBXProject;
			attributes = {
				CLASSPREFIX = NL;
				LastUpgradeCheck = 0510;
				ORGANIZATIONNAME = "Semyon Novikov";
				TargetAttributes = {
					4F9C413318EA84640038090E = {
						SystemCapabilities = {
							com.apple.iOS = {
								enabled = 0;
							};
						};
					};
				};
			};
			buildConfigurationList = 4F9C412F18EA84640038090E /* Build configuration list for PBXProject "NikolaLenivets" */;
			compatibilityVersion = "Xcode 3.2";
			developmentRegion = English;
			hasScannedForEncodings = 0;
			knownRegions = (
				en,
			);
			mainGroup = 4F9C412B18EA84640038090E;
			productRefGroup = 4F9C413518EA84640038090E /* Products */;
			projectDirPath = "";
			projectRoot = "";
			targets = (
				4F9C413318EA84640038090E /* NikolaLenivets */,
			);
		};
/* End PBXProject section */

/* Begin PBXResourcesBuildPhase section */
		4F9C413218EA84640038090E /* Resources */ = {
			isa = PBXResourcesBuildPhase;
			buildActionMask = 2147483647;
			files = (
				4F7EC306190933B9002C0ECD /* NLItemsListController.xib in Resources */,
				4F0D75AD193DE20400E78AA5 /* back_white@2x.png in Resources */,
				4F0D75A7193DBD0200E78AA5 /* right_shadow@2x.png in Resources */,
				4F9C414218EA84640038090E /* InfoPlist.strings in Resources */,
				D1783EDB197C195100A92AA3 /* object.png in Resources */,
				4F10D2B019374ABB00F6658D /* NLStaticScreenViewController.xib in Resources */,
				D12B05F61979A5E700AA4CDD /* tiles in Resources */,
				D1B7ADD5196BCF9A0057C1E2 /* MonoCondensedCBold.otf in Resources */,
				4F0A8BD1195B032800D59268 /* compass@2x.png in Resources */,
				4F174E341966A50300F7F8A2 /* Track on 2014-06-23 at 18-06 GMT+4.gpx in Resources */,
				4FCBE0081907A054002F37A3 /* BookmanC.otf in Resources */,
				4F22FD791936E8B30075C1A0 /* NLGalleryViewController.xib in Resources */,
				D19C0426196EF44D006A086B /* map-locate@2x.png in Resources */,
				D1A3D7CA19758CF600C53E06 /* event-alarm@2x.png in Resources */,
				4F174E351966A50300F7F8A2 /* Track on 2014-06-23 at 18-29 GMT+4.gpx in Resources */,
				4F0D75A6193DBD0200E78AA5 /* left_shadow@2x.png in Resources */,
				4F454360192DE4D20043C3F4 /* Default-568h@2x.png in Resources */,
				4F22FD8919372F260075C1A0 /* NLPlaceCell.xib in Resources */,
				D19C043D1975253C006A086B /* NLNewsCellView.xib in Resources */,
				4F0D75A2193DB86500E78AA5 /* search_bg@2x.png in Resources */,
				D19C04401975319E006A086B /* NLEventsCollectionViewController.xib in Resources */,
				4F174E331966A50300F7F8A2 /* Track on 2014-06-23 at 18-00 GMT+4.gpx in Resources */,
				4F411E7F18FFD8AA00758E30 /* NLMainMenuController.xib in Resources */,
				4F0A8BCF195AFEAA00D59268 /* NLSplashViewController.xib in Resources */,
				D1783EE4197C2C5B00A92AA3 /* object-selected@2x.png in Resources */,
				D1A3D7D1197634F700C53E06 /* menu_button.png in Resources */,
				4F22FD871937288B0075C1A0 /* NLPlacesViewController.xib in Resources */,
				4F61374A1927313700BFDD1C /* NLEventGroupsViewController.xib in Resources */,
				4F0D75AF193DEA1900E78AA5 /* forward@2x.png in Resources */,
				4F18FD3B192212F900032A34 /* NLDetailsViewController.xib in Resources */,
				4F174E361966A50300F7F8A2 /* Track on 2014-06-23 at 18-34 GMT+4.gpx in Resources */,
				D19C0427196EF44D006A086B /* map-plus@2x.png in Resources */,
				D1A3D7C919758CF600C53E06 /* event-alarm.png in Resources */,
				D1783EDC197C195100A92AA3 /* object@2x.png in Resources */,
				D1783EE3197C2C5B00A92AA3 /* object-selected.png in Resources */,
				4FD010F5192CC326002F5836 /* search_icon.png in Resources */,
				4F0D75B1193DEADF00E78AA5 /* circle@2x.png in Resources */,
				4F0D759E193D9C6400E78AA5 /* white_menu@2x.png in Resources */,
				4F89A42C1957CFF60045D1A3 /* NLMapViewController.xib in Resources */,
				4F89A42E1957D8260045D1A3 /* map.png in Resources */,
				D1783EDF197C1A2400A92AA3 /* userlocation.png in Resources */,
				4F0D75AB193DD05D00E78AA5 /* back@2x.png in Resources */,
				4F454363192E0F810043C3F4 /* Default@2x.png in Resources */,
				4F0A8BD3195B04AD00D59268 /* compass_black@2x.png in Resources */,
				D1A3D7CF197634AD00C53E06 /* menu_button@2x.png in Resources */,
				D1A3D7B81975415700C53E06 /* NLCollectionCellView.xib in Resources */,
				4F174E321966A50300F7F8A2 /* Track on 2014-06-23 at 17-53 GMT+4.gpx in Resources */,
				D19C0425196EF44C006A086B /* map-minus@2x.png in Resources */,
				D1783EE0197C1A2400A92AA3 /* userlocation@2x.png in Resources */,
				4F0D75A3193DB86500E78AA5 /* search@2x.png in Resources */,
				D1B7ADD0196BCBCE0057C1E2 /* MonoCondensedC.otf in Resources */,
				4F9C414A18EA84640038090E /* Images.xcassets in Resources */,
			);
			runOnlyForDeploymentPostprocessing = 0;
		};
/* End PBXResourcesBuildPhase section */

/* Begin PBXShellScriptBuildPhase section */
		07994F22D96A448191BEA0EC /* Copy Pods Resources */ = {
			isa = PBXShellScriptBuildPhase;
			buildActionMask = 2147483647;
			files = (
			);
			inputPaths = (
			);
			name = "Copy Pods Resources";
			outputPaths = (
			);
			runOnlyForDeploymentPostprocessing = 0;
			shellPath = /bin/sh;
			shellScript = "\"${SRCROOT}/Pods/Pods-resources.sh\"\n";
			showEnvVarsInLog = 0;
		};
		4FD010F8192CC928002F5836 /* ShellScript */ = {
			isa = PBXShellScriptBuildPhase;
			buildActionMask = 2147483647;
			files = (
			);
			inputPaths = (
			);
			outputPaths = (
			);
			runOnlyForDeploymentPostprocessing = 0;
			shellPath = /bin/sh;
			shellScript = "./Crashlytics.framework/run 2859bb1aae7d9b32942d1d64eebd584fa07a88af 4b0a0eac76b07ad148fae9a832ce9a19e1846b0c7fe40a572ca9ef8a4c575d7e";
		};
		71C9E1B8363D4E4FA529F140 /* Check Pods Manifest.lock */ = {
			isa = PBXShellScriptBuildPhase;
			buildActionMask = 2147483647;
			files = (
			);
			inputPaths = (
			);
			name = "Check Pods Manifest.lock";
			outputPaths = (
			);
			runOnlyForDeploymentPostprocessing = 0;
			shellPath = /bin/sh;
			shellScript = "diff \"${PODS_ROOT}/../Podfile.lock\" \"${PODS_ROOT}/Manifest.lock\" > /dev/null\nif [[ $? != 0 ]] ; then\n    cat << EOM\nerror: The sandbox is not in sync with the Podfile.lock. Run 'pod install' or update your CocoaPods installation.\nEOM\n    exit 1\nfi\n";
			showEnvVarsInLog = 0;
		};
/* End PBXShellScriptBuildPhase section */

/* Begin PBXSourcesBuildPhase section */
		4F9C413018EA84640038090E /* Sources */ = {
			isa = PBXSourcesBuildPhase;
			buildActionMask = 2147483647;
			files = (
				4F390E7518ED589200131934 /* NLStorage.m in Sources */,
				4F390E8918ED754700131934 /* NLScreen.m in Sources */,
				4F22FD7C1936ED3E0075C1A0 /* NLGallery.m in Sources */,
				4F9C414818EA84640038090E /* NLAppDelegate.m in Sources */,
				D19C043C1975253C006A086B /* NLNewsCell.m in Sources */,
				D19C043719750589006A086B /* NLEventsCollectionViewController.m in Sources */,
				4F9C414418EA84640038090E /* main.m in Sources */,
				4F6137491927313700BFDD1C /* NLEventGroupsViewController.m in Sources */,
				4F7EC305190933B9002C0ECD /* NLItemsListController.m in Sources */,
				4F390E8C18ED755300131934 /* NLEvent.m in Sources */,
				4F18FD3A192212F900032A34 /* NLDetailsViewController.m in Sources */,
				4F390E8618ED753700131934 /* NLPlace.m in Sources */,
				4F10D2AF19374ABB00F6658D /* NLStaticScreenViewController.m in Sources */,
				D17177B3196D047200521D72 /* NSAttributedString+Kerning.m in Sources */,
				D19C04331973FF7E006A086B /* NLAttributedLabel.m in Sources */,
				4F22FD801936F4360075C1A0 /* NLEventsListControllerViewController.m in Sources */,
				4F0A8BC9195AE58400D59268 /* UIView+Origami.m in Sources */,
				4F0A8BCE195AFEAA00D59268 /* NLSplashViewController.m in Sources */,
				4F390E7D18ED731E00131934 /* NLNewsEntry.m in Sources */,
				4F22FD861937288B0075C1A0 /* NLPlacesViewController.m in Sources */,
				4F89A42B1957CFF60045D1A3 /* NLMapViewController.m in Sources */,
				4F390E8318ED752700131934 /* NLTeaser.m in Sources */,
				4F61374D19273D7700BFDD1C /* NLEventGroup.m in Sources */,
				4F22FD781936E8B30075C1A0 /* NLGalleryViewController.m in Sources */,
				D1783ED8197C141F00A92AA3 /* NLPlaceAnnotation.m in Sources */,
				4F22FD8C19372F530075C1A0 /* NLPlaceCell.m in Sources */,
				D1A3D7C319757D5600C53E06 /* NSString+Ordinal.m in Sources */,
				4F390E7818ED684200131934 /* NLDiffIndex.m in Sources */,
				D1A3D7C619758B4C00C53E06 /* NSDate+CompareDays.m in Sources */,
				4F89A4331957DCA30045D1A3 /* NLLocationManager.m in Sources */,
				D1A3D7D7197641D900C53E06 /* NSString+Distance.m in Sources */,
				D1A3D7CD1975930D00C53E06 /* NLFlowLayout.m in Sources */,
				4F390E8018ED732D00131934 /* NLModel.m in Sources */,
				4F411E7E18FFD8AA00758E30 /* NLMainMenuController.m in Sources */,
				4F8A13081921D6CE00F3DA96 /* NLCollectionCell.m in Sources */,
				D1A3D7C01975734000C53E06 /* NLSectionHeader.m in Sources */,
			);
			runOnlyForDeploymentPostprocessing = 0;
		};
/* End PBXSourcesBuildPhase section */

/* Begin PBXVariantGroup section */
		4F9C414018EA84640038090E /* InfoPlist.strings */ = {
			isa = PBXVariantGroup;
			children = (
				4F9C414118EA84640038090E /* en */,
			);
			name = InfoPlist.strings;
			sourceTree = "<group>";
		};
		4F9C415918EA84640038090E /* InfoPlist.strings */ = {
			isa = PBXVariantGroup;
			children = (
				4F9C415A18EA84640038090E /* en */,
			);
			name = InfoPlist.strings;
			sourceTree = "<group>";
		};
/* End PBXVariantGroup section */

/* Begin XCBuildConfiguration section */
		4F9C415E18EA84640038090E /* Debug */ = {
			isa = XCBuildConfiguration;
			buildSettings = {
				ALWAYS_SEARCH_USER_PATHS = NO;
				CLANG_CXX_LANGUAGE_STANDARD = "gnu++0x";
				CLANG_CXX_LIBRARY = "libc++";
				CLANG_ENABLE_MODULES = YES;
				CLANG_ENABLE_OBJC_ARC = YES;
				CLANG_WARN_BOOL_CONVERSION = YES;
				CLANG_WARN_CONSTANT_CONVERSION = YES;
				CLANG_WARN_DIRECT_OBJC_ISA_USAGE = YES_ERROR;
				CLANG_WARN_EMPTY_BODY = YES;
				CLANG_WARN_ENUM_CONVERSION = YES;
				CLANG_WARN_INT_CONVERSION = YES;
				CLANG_WARN_OBJC_ROOT_CLASS = YES_ERROR;
				CLANG_WARN__DUPLICATE_METHOD_MATCH = YES;
				"CODE_SIGN_IDENTITY[sdk=iphoneos*]" = "iPhone Developer";
				COPY_PHASE_STRIP = NO;
				GCC_C_LANGUAGE_STANDARD = gnu99;
				GCC_DYNAMIC_NO_PIC = NO;
				GCC_OPTIMIZATION_LEVEL = 0;
				GCC_PREPROCESSOR_DEFINITIONS = (
					"DEBUG=1",
					"$(inherited)",
				);
				GCC_SYMBOLS_PRIVATE_EXTERN = NO;
				GCC_WARN_64_TO_32_BIT_CONVERSION = YES;
				GCC_WARN_ABOUT_RETURN_TYPE = YES_ERROR;
				GCC_WARN_UNDECLARED_SELECTOR = YES;
				GCC_WARN_UNINITIALIZED_AUTOS = YES;
				GCC_WARN_UNUSED_FUNCTION = YES;
				GCC_WARN_UNUSED_VARIABLE = YES;
				IPHONEOS_DEPLOYMENT_TARGET = 7.0;
				ONLY_ACTIVE_ARCH = YES;
				SDKROOT = iphoneos;
			};
			name = Debug;
		};
		4F9C415F18EA84640038090E /* Release */ = {
			isa = XCBuildConfiguration;
			buildSettings = {
				ALWAYS_SEARCH_USER_PATHS = NO;
				CLANG_CXX_LANGUAGE_STANDARD = "gnu++0x";
				CLANG_CXX_LIBRARY = "libc++";
				CLANG_ENABLE_MODULES = YES;
				CLANG_ENABLE_OBJC_ARC = YES;
				CLANG_WARN_BOOL_CONVERSION = YES;
				CLANG_WARN_CONSTANT_CONVERSION = YES;
				CLANG_WARN_DIRECT_OBJC_ISA_USAGE = YES_ERROR;
				CLANG_WARN_EMPTY_BODY = YES;
				CLANG_WARN_ENUM_CONVERSION = YES;
				CLANG_WARN_INT_CONVERSION = YES;
				CLANG_WARN_OBJC_ROOT_CLASS = YES_ERROR;
				CLANG_WARN__DUPLICATE_METHOD_MATCH = YES;
				"CODE_SIGN_IDENTITY[sdk=iphoneos*]" = "iPhone Developer";
				COPY_PHASE_STRIP = YES;
				ENABLE_NS_ASSERTIONS = NO;
				GCC_C_LANGUAGE_STANDARD = gnu99;
				GCC_WARN_64_TO_32_BIT_CONVERSION = YES;
				GCC_WARN_ABOUT_RETURN_TYPE = YES_ERROR;
				GCC_WARN_UNDECLARED_SELECTOR = YES;
				GCC_WARN_UNINITIALIZED_AUTOS = YES;
				GCC_WARN_UNUSED_FUNCTION = YES;
				GCC_WARN_UNUSED_VARIABLE = YES;
				IPHONEOS_DEPLOYMENT_TARGET = 7.0;
				SDKROOT = iphoneos;
				VALIDATE_PRODUCT = YES;
			};
			name = Release;
		};
		4F9C416118EA84640038090E /* Debug */ = {
			isa = XCBuildConfiguration;
			baseConfigurationReference = 3B21A1ADAF4F4E0BA8ED7C42 /* Pods.xcconfig */;
			buildSettings = {
				ASSETCATALOG_COMPILER_APPICON_NAME = AppIcon;
				FRAMEWORK_SEARCH_PATHS = (
					"$(inherited)",
					"$(PROJECT_DIR)",
				);
				GCC_PRECOMPILE_PREFIX_HEADER = YES;
				GCC_PREFIX_HEADER = "NikolaLenivets/NikolaLenivets-Prefix.pch";
				INFOPLIST_FILE = "NikolaLenivets/NikolaLenivets-Info.plist";
				PRODUCT_NAME = "$(TARGET_NAME)";
				TARGETED_DEVICE_FAMILY = 1;
				WRAPPER_EXTENSION = app;
			};
			name = Debug;
		};
		4F9C416218EA84640038090E /* Release */ = {
			isa = XCBuildConfiguration;
			baseConfigurationReference = 3B21A1ADAF4F4E0BA8ED7C42 /* Pods.xcconfig */;
			buildSettings = {
				ASSETCATALOG_COMPILER_APPICON_NAME = AppIcon;
				CODE_SIGN_IDENTITY = "iPhone Distribution: Yakushev Lev (G9HB4UV686)";
				FRAMEWORK_SEARCH_PATHS = (
					"$(inherited)",
					"$(PROJECT_DIR)",
				);
				GCC_PRECOMPILE_PREFIX_HEADER = YES;
				GCC_PREFIX_HEADER = "NikolaLenivets/NikolaLenivets-Prefix.pch";
				INFOPLIST_FILE = "NikolaLenivets/NikolaLenivets-Info.plist";
				PRODUCT_NAME = "$(TARGET_NAME)";
				TARGETED_DEVICE_FAMILY = 1;
				WRAPPER_EXTENSION = app;
			};
			name = Release;
		};
/* End XCBuildConfiguration section */

/* Begin XCConfigurationList section */
		4F9C412F18EA84640038090E /* Build configuration list for PBXProject "NikolaLenivets" */ = {
			isa = XCConfigurationList;
			buildConfigurations = (
				4F9C415E18EA84640038090E /* Debug */,
				4F9C415F18EA84640038090E /* Release */,
			);
			defaultConfigurationIsVisible = 0;
			defaultConfigurationName = Release;
		};
		4F9C416018EA84640038090E /* Build configuration list for PBXNativeTarget "NikolaLenivets" */ = {
			isa = XCConfigurationList;
			buildConfigurations = (
				4F9C416118EA84640038090E /* Debug */,
				4F9C416218EA84640038090E /* Release */,
			);
			defaultConfigurationIsVisible = 0;
			defaultConfigurationName = Release;
		};
/* End XCConfigurationList section */
	};
	rootObject = 4F9C412C18EA84640038090E /* Project object */;
}
